
Microsoft Visual Studio Solution File, Format Version 12.00
# Visual Studio Version 18
VisualStudioVersion = 18.2.11415.280
MinimumVisualStudioVersion = 10.0.40219.1
Project("{2150E333-8FDC-42A3-9474-1A3956D46DE8}") = "src", "src", "{827E0CD3-B72D-47B6-A68D-7590B98EB39B}"
	ProjectSection(SolutionItems) = preProject
		docker-compose.override.yml = docker-compose.override.yml
		docker-compose.yml = docker-compose.yml
	EndProjectSection
EndProject
Project("{2150E333-8FDC-42A3-9474-1A3956D46DE8}") = "Bootstrapper", "Bootstrapper", "{A42421DF-83F2-EC56-5368-8ED134CB703A}"
EndProject
Project("{FAE04EC0-301F-11D3-BF4B-00C04F79EFBC}") = "Eshop.api", "src\Bootstrapper\Eshop.api.csproj", "{218DDF0D-767D-4BBF-B505-40E1FB50AF17}"
EndProject
Project("{2150E333-8FDC-42A3-9474-1A3956D46DE8}") = "modules", "modules", "{EC447DCF-ABFA-6E24-52A5-D7FD48A5C558}"
EndProject
Project("{FAE04EC0-301F-11D3-BF4B-00C04F79EFBC}") = "order", "src\modules\order\order.csproj", "{5CC155AD-05DC-4DBE-A364-815A34EB6126}"
EndProject
Project("{FAE04EC0-301F-11D3-BF4B-00C04F79EFBC}") = "basket", "src\modules\basket\basket.csproj", "{AE929616-E873-4351-B8D0-1C988FE070A6}"
EndProject
Project("{2150E333-8FDC-42A3-9474-1A3956D46DE8}") = "shared", "src\shared", "{C8E42992-5E42-0C2B-DBFE-AA848D06431C}"
EndProject
Project("{FAE04EC0-301F-11D3-BF4B-00C04F79EFBC}") = "Shared.Base", "src\Shared\Shared.Base\Shared.Base.csproj", "{94B073E2-8BF7-47F4-9423-EEA9131BD3B5}"
EndProject
Project("{FAE04EC0-301F-11D3-BF4B-00C04F79EFBC}") = "Shared.Messaging", "src\Shared\Shared.Messaging\Shared.Messaging.csproj", "{EC134CD6-72A9-49C9-8E31-7F10DF836A89}"
EndProject
Project("{2150E333-8FDC-42A3-9474-1A3956D46DE8}") = "Catalog", "src\Modules\Catalog", "{1E1EF545-4C18-AEE2-B997-7EF431518D3F}"
EndProject
Project("{FAE04EC0-301F-11D3-BF4B-00C04F79EFBC}") = "catalog", "src\Modules\Catalog\catalog.csproj", "{C5DDA12A-886D-4DC4-AF7B-98FCDCD0813A}"
EndProject
Project("{FAE04EC0-301F-11D3-BF4B-00C04F79EFBC}") = "Catalog.Contracts", "src\Modules\Catalog\Catalog.Contracts\Catalog.Contracts.csproj", "{DF9BEBDD-D5A1-4D2C-B45C-3D5B6A1036E5}"
EndProject
Global
	GlobalSection(SolutionConfigurationPlatforms) = preSolution
		Debug|Any CPU = Debug|Any CPU
		Debug|x64 = Debug|x64
		Debug|x86 = Debug|x86
		Release|Any CPU = Release|Any CPU
		Release|x64 = Release|x64
		Release|x86 = Release|x86
	EndGlobalSection
	GlobalSection(ProjectConfigurationPlatforms) = postSolution
		{218DDF0D-767D-4BBF-B505-40E1FB50AF17}.Debug|Any CPU.ActiveCfg = Debug|Any CPU
		{218DDF0D-767D-4BBF-B505-40E1FB50AF17}.Debug|Any CPU.Build.0 = Debug|Any CPU
		{218DDF0D-767D-4BBF-B505-40E1FB50AF17}.Debug|x64.ActiveCfg = Debug|Any CPU
		{218DDF0D-767D-4BBF-B505-40E1FB50AF17}.Debug|x64.Build.0 = Debug|Any CPU
		{218DDF0D-767D-4BBF-B505-40E1FB50AF17}.Debug|x86.ActiveCfg = Debug|Any CPU
		{218DDF0D-767D-4BBF-B505-40E1FB50AF17}.Debug|x86.Build.0 = Debug|Any CPU
		{218DDF0D-767D-4BBF-B505-40E1FB50AF17}.Release|Any CPU.ActiveCfg = Release|Any CPU
		{218DDF0D-767D-4BBF-B505-40E1FB50AF17}.Release|Any CPU.Build.0 = Release|Any CPU
		{218DDF0D-767D-4BBF-B505-40E1FB50AF17}.Release|x64.ActiveCfg = Release|Any CPU
		{218DDF0D-767D-4BBF-B505-40E1FB50AF17}.Release|x64.Build.0 = Release|Any CPU
		{218DDF0D-767D-4BBF-B505-40E1FB50AF17}.Release|x86.ActiveCfg = Release|Any CPU
		{218DDF0D-767D-4BBF-B505-40E1FB50AF17}.Release|x86.Build.0 = Release|Any CPU
		{5CC155AD-05DC-4DBE-A364-815A34EB6126}.Debug|Any CPU.ActiveCfg = Debug|Any CPU
		{5CC155AD-05DC-4DBE-A364-815A34EB6126}.Debug|Any CPU.Build.0 = Debug|Any CPU
		{5CC155AD-05DC-4DBE-A364-815A34EB6126}.Debug|x64.ActiveCfg = Debug|Any CPU
		{5CC155AD-05DC-4DBE-A364-815A34EB6126}.Debug|x64.Build.0 = Debug|Any CPU
		{5CC155AD-05DC-4DBE-A364-815A34EB6126}.Debug|x86.ActiveCfg = Debug|Any CPU
		{5CC155AD-05DC-4DBE-A364-815A34EB6126}.Debug|x86.Build.0 = Debug|Any CPU
		{5CC155AD-05DC-4DBE-A364-815A34EB6126}.Release|Any CPU.ActiveCfg = Release|Any CPU
		{5CC155AD-05DC-4DBE-A364-815A34EB6126}.Release|Any CPU.Build.0 = Release|Any CPU
		{5CC155AD-05DC-4DBE-A364-815A34EB6126}.Release|x64.ActiveCfg = Release|Any CPU
		{5CC155AD-05DC-4DBE-A364-815A34EB6126}.Release|x64.Build.0 = Release|Any CPU
		{5CC155AD-05DC-4DBE-A364-815A34EB6126}.Release|x86.ActiveCfg = Release|Any CPU
		{5CC155AD-05DC-4DBE-A364-815A34EB6126}.Release|x86.Build.0 = Release|Any CPU
		{AE929616-E873-4351-B8D0-1C988FE070A6}.Debug|Any CPU.ActiveCfg = Debug|Any CPU
		{AE929616-E873-4351-B8D0-1C988FE070A6}.Debug|Any CPU.Build.0 = Debug|Any CPU
		{AE929616-E873-4351-B8D0-1C988FE070A6}.Debug|x64.ActiveCfg = Debug|Any CPU
		{AE929616-E873-4351-B8D0-1C988FE070A6}.Debug|x64.Build.0 = Debug|Any CPU
		{AE929616-E873-4351-B8D0-1C988FE070A6}.Debug|x86.ActiveCfg = Debug|Any CPU
		{AE929616-E873-4351-B8D0-1C988FE070A6}.Debug|x86.Build.0 = Debug|Any CPU
		{AE929616-E873-4351-B8D0-1C988FE070A6}.Release|Any CPU.ActiveCfg = Release|Any CPU
		{AE929616-E873-4351-B8D0-1C988FE070A6}.Release|Any CPU.Build.0 = Release|Any CPU
		{AE929616-E873-4351-B8D0-1C988FE070A6}.Release|x64.ActiveCfg = Release|Any CPU
		{AE929616-E873-4351-B8D0-1C988FE070A6}.Release|x64.Build.0 = Release|Any CPU
		{AE929616-E873-4351-B8D0-1C988FE070A6}.Release|x86.ActiveCfg = Release|Any CPU
		{AE929616-E873-4351-B8D0-1C988FE070A6}.Release|x86.Build.0 = Release|Any CPU
		{94B073E2-8BF7-47F4-9423-EEA9131BD3B5}.Debug|Any CPU.ActiveCfg = Debug|Any CPU
		{94B073E2-8BF7-47F4-9423-EEA9131BD3B5}.Debug|Any CPU.Build.0 = Debug|Any CPU
		{94B073E2-8BF7-47F4-9423-EEA9131BD3B5}.Debug|x64.ActiveCfg = Debug|Any CPU
		{94B073E2-8BF7-47F4-9423-EEA9131BD3B5}.Debug|x64.Build.0 = Debug|Any CPU
		{94B073E2-8BF7-47F4-9423-EEA9131BD3B5}.Debug|x86.ActiveCfg = Debug|Any CPU
		{94B073E2-8BF7-47F4-9423-EEA9131BD3B5}.Debug|x86.Build.0 = Debug|Any CPU
		{94B073E2-8BF7-47F4-9423-EEA9131BD3B5}.Release|Any CPU.ActiveCfg = Release|Any CPU
		{94B073E2-8BF7-47F4-9423-EEA9131BD3B5}.Release|Any CPU.Build.0 = Release|Any CPU
		{94B073E2-8BF7-47F4-9423-EEA9131BD3B5}.Release|x64.ActiveCfg = Release|Any CPU
		{94B073E2-8BF7-47F4-9423-EEA9131BD3B5}.Release|x64.Build.0 = Release|Any CPU
		{94B073E2-8BF7-47F4-9423-EEA9131BD3B5}.Release|x86.ActiveCfg = Release|Any CPU
		{94B073E2-8BF7-47F4-9423-EEA9131BD3B5}.Release|x86.Build.0 = Release|Any CPU
		{EC134CD6-72A9-49C9-8E31-7F10DF836A89}.Debug|Any CPU.ActiveCfg = Debug|Any CPU
		{EC134CD6-72A9-49C9-8E31-7F10DF836A89}.Debug|Any CPU.Build.0 = Debug|Any CPU
		{EC134CD6-72A9-49C9-8E31-7F10DF836A89}.Debug|x64.ActiveCfg = Debug|Any CPU
		{EC134CD6-72A9-49C9-8E31-7F10DF836A89}.Debug|x64.Build.0 = Debug|Any CPU
		{EC134CD6-72A9-49C9-8E31-7F10DF836A89}.Debug|x86.ActiveCfg = Debug|Any CPU
		{EC134CD6-72A9-49C9-8E31-7F10DF836A89}.Debug|x86.Build.0 = Debug|Any CPU
		{EC134CD6-72A9-49C9-8E31-7F10DF836A89}.Release|Any CPU.ActiveCfg = Release|Any CPU
		{EC134CD6-72A9-49C9-8E31-7F10DF836A89}.Release|Any CPU.Build.0 = Release|Any CPU
		{EC134CD6-72A9-49C9-8E31-7F10DF836A89}.Release|x64.ActiveCfg = Release|Any CPU
		{EC134CD6-72A9-49C9-8E31-7F10DF836A89}.Release|x64.Build.0 = Release|Any CPU
		{EC134CD6-72A9-49C9-8E31-7F10DF836A89}.Release|x86.ActiveCfg = Release|Any CPU
		{EC134CD6-72A9-49C9-8E31-7F10DF836A89}.Release|x86.Build.0 = Release|Any CPU
		{C5DDA12A-886D-4DC4-AF7B-98FCDCD0813A}.Debug|Any CPU.ActiveCfg = Debug|Any CPU
		{C5DDA12A-886D-4DC4-AF7B-98FCDCD0813A}.Debug|Any CPU.Build.0 = Debug|Any CPU
		{C5DDA12A-886D-4DC4-AF7B-98FCDCD0813A}.Debug|x64.ActiveCfg = Debug|Any CPU
		{C5DDA12A-886D-4DC4-AF7B-98FCDCD0813A}.Debug|x64.Build.0 = Debug|Any CPU
		{C5DDA12A-886D-4DC4-AF7B-98FCDCD0813A}.Debug|x86.ActiveCfg = Debug|Any CPU
		{C5DDA12A-886D-4DC4-AF7B-98FCDCD0813A}.Debug|x86.Build.0 = Debug|Any CPU
		{C5DDA12A-886D-4DC4-AF7B-98FCDCD0813A}.Release|Any CPU.ActiveCfg = Release|Any CPU
		{C5DDA12A-886D-4DC4-AF7B-98FCDCD0813A}.Release|Any CPU.Build.0 = Release|Any CPU
		{C5DDA12A-886D-4DC4-AF7B-98FCDCD0813A}.Release|x64.ActiveCfg = Release|Any CPU
		{C5DDA12A-886D-4DC4-AF7B-98FCDCD0813A}.Release|x64.Build.0 = Release|Any CPU
		{C5DDA12A-886D-4DC4-AF7B-98FCDCD0813A}.Release|x86.ActiveCfg = Release|Any CPU
		{C5DDA12A-886D-4DC4-AF7B-98FCDCD0813A}.Release|x86.Build.0 = Release|Any CPU
		{DF9BEBDD-D5A1-4D2C-B45C-3D5B6A1036E5}.Debug|Any CPU.ActiveCfg = Debug|Any CPU
		{DF9BEBDD-D5A1-4D2C-B45C-3D5B6A1036E5}.Debug|Any CPU.Build.0 = Debug|Any CPU
		{DF9BEBDD-D5A1-4D2C-B45C-3D5B6A1036E5}.Debug|x64.ActiveCfg = Debug|Any CPU
		{DF9BEBDD-D5A1-4D2C-B45C-3D5B6A1036E5}.Debug|x64.Build.0 = Debug|Any CPU
		{DF9BEBDD-D5A1-4D2C-B45C-3D5B6A1036E5}.Debug|x86.ActiveCfg = Debug|Any CPU
		{DF9BEBDD-D5A1-4D2C-B45C-3D5B6A1036E5}.Debug|x86.Build.0 = Debug|Any CPU
		{DF9BEBDD-D5A1-4D2C-B45C-3D5B6A1036E5}.Release|Any CPU.ActiveCfg = Release|Any CPU
		{DF9BEBDD-D5A1-4D2C-B45C-3D5B6A1036E5}.Release|Any CPU.Build.0 = Release|Any CPU
		{DF9BEBDD-D5A1-4D2C-B45C-3D5B6A1036E5}.Release|x64.ActiveCfg = Release|Any CPU
		{DF9BEBDD-D5A1-4D2C-B45C-3D5B6A1036E5}.Release|x64.Build.0 = Release|Any CPU
		{DF9BEBDD-D5A1-4D2C-B45C-3D5B6A1036E5}.Release|x86.ActiveCfg = Release|Any CPU
		{DF9BEBDD-D5A1-4D2C-B45C-3D5B6A1036E5}.Release|x86.Build.0 = Release|Any CPU
	EndGlobalSection
	GlobalSection(SolutionProperties) = preSolution
		HideSolutionNode = FALSE
	EndGlobalSection
	GlobalSection(NestedProjects) = preSolution
		{A42421DF-83F2-EC56-5368-8ED134CB703A} = {827E0CD3-B72D-47B6-A68D-7590B98EB39B}
		{218DDF0D-767D-4BBF-B505-40E1FB50AF17} = {A42421DF-83F2-EC56-5368-8ED134CB703A}
		{EC447DCF-ABFA-6E24-52A5-D7FD48A5C558} = {827E0CD3-B72D-47B6-A68D-7590B98EB39B}
		{5CC155AD-05DC-4DBE-A364-815A34EB6126} = {EC447DCF-ABFA-6E24-52A5-D7FD48A5C558}
		{AE929616-E873-4351-B8D0-1C988FE070A6} = {EC447DCF-ABFA-6E24-52A5-D7FD48A5C558}
		{1E1EF545-4C18-AEE2-B997-7EF431518D3F} = {EC447DCF-ABFA-6E24-52A5-D7FD48A5C558}
		{C5DDA12A-886D-4DC4-AF7B-98FCDCD0813A} = {1E1EF545-4C18-AEE2-B997-7EF431518D3F}
		{DF9BEBDD-D5A1-4D2C-B45C-3D5B6A1036E5} = {1E1EF545-4C18-AEE2-B997-7EF431518D3F}
		{C8E42992-5E42-0C2B-DBFE-AA848D06431C} = {827E0CD3-B72D-47B6-A68D-7590B98EB39B}
		{94B073E2-8BF7-47F4-9423-EEA9131BD3B5} = {C8E42992-5E42-0C2B-DBFE-AA848D06431C}
		{EC134CD6-72A9-49C9-8E31-7F10DF836A89} = {C8E42992-5E42-0C2B-DBFE-AA848D06431C}
	EndGlobalSection
	GlobalSection(ExtensibilityGlobals) = postSolution
		SolutionGuid = {48BFF6F6-D613-4183-8E25-B6919C2A04BF}
	EndGlobalSection
EndGlobal
